// !$*UTF8*$!
{
	archiveVersion = 1;
	classes = {
	};
	objectVersion = 46;
	objects = {

/* Begin PBXBuildFile section */
		99D61BC71D9E5E040056C465 /* AbstractMessage.swift in Sources */ = {isa = PBXBuildFile; fileRef = 99D61BAF1D9E5E030056C465 /* AbstractMessage.swift */; };
		99D61BC81D9E5E040056C465 /* CodedInputStream.swift in Sources */ = {isa = PBXBuildFile; fileRef = 99D61BB01D9E5E030056C465 /* CodedInputStream.swift */; };
		99D61BC91D9E5E040056C465 /* CodedOutputStream.swift in Sources */ = {isa = PBXBuildFile; fileRef = 99D61BB11D9E5E030056C465 /* CodedOutputStream.swift */; };
		99D61BCA1D9E5E040056C465 /* ConcreateExtensionField.swift in Sources */ = {isa = PBXBuildFile; fileRef = 99D61BB21D9E5E030056C465 /* ConcreateExtensionField.swift */; };
		99D61BCB1D9E5E040056C465 /* ExtendableMessage.swift in Sources */ = {isa = PBXBuildFile; fileRef = 99D61BB31D9E5E030056C465 /* ExtendableMessage.swift */; };
		99D61BCC1D9E5E040056C465 /* ExtensionRegistry.swift in Sources */ = {isa = PBXBuildFile; fileRef = 99D61BB41D9E5E030056C465 /* ExtensionRegistry.swift */; };
		99D61BCD1D9E5E040056C465 /* Field.swift in Sources */ = {isa = PBXBuildFile; fileRef = 99D61BB51D9E5E040056C465 /* Field.swift */; };
		99D61BCE1D9E5E040056C465 /* GeneratedMessage.swift in Sources */ = {isa = PBXBuildFile; fileRef = 99D61BB61D9E5E040056C465 /* GeneratedMessage.swift */; };
		99D61BCF1D9E5E040056C465 /* Google.Protobuf.Any.proto.swift in Sources */ = {isa = PBXBuildFile; fileRef = 99D61BB71D9E5E040056C465 /* Google.Protobuf.Any.proto.swift */; };
		99D61BD01D9E5E040056C465 /* Google.Protobuf.Api.proto.swift in Sources */ = {isa = PBXBuildFile; fileRef = 99D61BB81D9E5E040056C465 /* Google.Protobuf.Api.proto.swift */; };
		99D61BD11D9E5E040056C465 /* Google.Protobuf.Descriptor.proto.swift in Sources */ = {isa = PBXBuildFile; fileRef = 99D61BB91D9E5E040056C465 /* Google.Protobuf.Descriptor.proto.swift */; };
		99D61BD21D9E5E040056C465 /* Google.Protobuf.Duration.proto.swift in Sources */ = {isa = PBXBuildFile; fileRef = 99D61BBA1D9E5E040056C465 /* Google.Protobuf.Duration.proto.swift */; };
		99D61BD31D9E5E040056C465 /* Google.Protobuf.Empty.proto.swift in Sources */ = {isa = PBXBuildFile; fileRef = 99D61BBB1D9E5E040056C465 /* Google.Protobuf.Empty.proto.swift */; };
		99D61BD41D9E5E040056C465 /* Google.Protobuf.FieldMask.proto.swift in Sources */ = {isa = PBXBuildFile; fileRef = 99D61BBC1D9E5E040056C465 /* Google.Protobuf.FieldMask.proto.swift */; };
		99D61BD51D9E5E040056C465 /* Google.Protobuf.SourceContext.proto.swift in Sources */ = {isa = PBXBuildFile; fileRef = 99D61BBD1D9E5E040056C465 /* Google.Protobuf.SourceContext.proto.swift */; };
		99D61BD61D9E5E040056C465 /* Google.Protobuf.Struct.proto.swift in Sources */ = {isa = PBXBuildFile; fileRef = 99D61BBE1D9E5E040056C465 /* Google.Protobuf.Struct.proto.swift */; };
		99D61BD71D9E5E040056C465 /* Google.Protobuf.SwiftDescriptor.proto.swift in Sources */ = {isa = PBXBuildFile; fileRef = 99D61BBF1D9E5E040056C465 /* Google.Protobuf.SwiftDescriptor.proto.swift */; };
		99D61BD81D9E5E040056C465 /* Google.Protobuf.Timestamp.proto.swift in Sources */ = {isa = PBXBuildFile; fileRef = 99D61BC01D9E5E040056C465 /* Google.Protobuf.Timestamp.proto.swift */; };
		99D61BD91D9E5E040056C465 /* Google.Protobuf.Type.proto.swift in Sources */ = {isa = PBXBuildFile; fileRef = 99D61BC11D9E5E040056C465 /* Google.Protobuf.Type.proto.swift */; };
		99D61BDA1D9E5E040056C465 /* Google.Protobuf.Wrappers.proto.swift in Sources */ = {isa = PBXBuildFile; fileRef = 99D61BC21D9E5E040056C465 /* Google.Protobuf.Wrappers.proto.swift */; };
		99D61BDB1D9E5E040056C465 /* RingBuffer.swift in Sources */ = {isa = PBXBuildFile; fileRef = 99D61BC41D9E5E040056C465 /* RingBuffer.swift */; };
		99D61BDC1D9E5E040056C465 /* UnknownFieldSet.swift in Sources */ = {isa = PBXBuildFile; fileRef = 99D61BC51D9E5E040056C465 /* UnknownFieldSet.swift */; };
		99D61BDD1D9E5E040056C465 /* WireFormat.swift in Sources */ = {isa = PBXBuildFile; fileRef = 99D61BC61D9E5E040056C465 /* WireFormat.swift */; };
		_LinkFileRef_ProtocolBuffers_via_ProtocolBuffersTests /* ProtocolBuffers.framework in Frameworks */ = {isa = PBXBuildFile; fileRef = "_____Product_ProtocolBuffers" /* ProtocolBuffers.framework */; };
		__src_cc_ref_Tests/ProtocolBuffersTests/ProtocolBuffersTests.swift /* ProtocolBuffersTests.swift in Sources */ = {isa = PBXBuildFile; fileRef = __PBXFileRef_Tests/ProtocolBuffersTests/ProtocolBuffersTests.swift /* ProtocolBuffersTests.swift */; };
/* End PBXBuildFile section */

/* Begin PBXContainerItemProxy section */
		99D61BAE1D9E5DD70056C465 /* PBXContainerItemProxy */ = {
			isa = PBXContainerItemProxy;
			containerPortal = __RootObject_ /* Project object */;
			proxyType = 1;
			remoteGlobalIDString = "______Target_ProtocolBuffers";
			remoteInfo = ProtocolBuffers;
		};
/* End PBXContainerItemProxy section */

/* Begin PBXFileReference section */
		99D61BAF1D9E5E030056C465 /* AbstractMessage.swift */ = {isa = PBXFileReference; fileEncoding = 4; lastKnownFileType = sourcecode.swift; path = AbstractMessage.swift; sourceTree = "<group>"; };
		99D61BB01D9E5E030056C465 /* CodedInputStream.swift */ = {isa = PBXFileReference; fileEncoding = 4; lastKnownFileType = sourcecode.swift; path = CodedInputStream.swift; sourceTree = "<group>"; };
		99D61BB11D9E5E030056C465 /* CodedOutputStream.swift */ = {isa = PBXFileReference; fileEncoding = 4; lastKnownFileType = sourcecode.swift; path = CodedOutputStream.swift; sourceTree = "<group>"; };
		99D61BB21D9E5E030056C465 /* ConcreateExtensionField.swift */ = {isa = PBXFileReference; fileEncoding = 4; lastKnownFileType = sourcecode.swift; path = ConcreateExtensionField.swift; sourceTree = "<group>"; };
		99D61BB31D9E5E030056C465 /* ExtendableMessage.swift */ = {isa = PBXFileReference; fileEncoding = 4; lastKnownFileType = sourcecode.swift; path = ExtendableMessage.swift; sourceTree = "<group>"; };
		99D61BB41D9E5E030056C465 /* ExtensionRegistry.swift */ = {isa = PBXFileReference; fileEncoding = 4; lastKnownFileType = sourcecode.swift; path = ExtensionRegistry.swift; sourceTree = "<group>"; };
		99D61BB51D9E5E040056C465 /* Field.swift */ = {isa = PBXFileReference; fileEncoding = 4; lastKnownFileType = sourcecode.swift; path = Field.swift; sourceTree = "<group>"; };
		99D61BB61D9E5E040056C465 /* GeneratedMessage.swift */ = {isa = PBXFileReference; fileEncoding = 4; lastKnownFileType = sourcecode.swift; path = GeneratedMessage.swift; sourceTree = "<group>"; };
		99D61BB71D9E5E040056C465 /* Google.Protobuf.Any.proto.swift */ = {isa = PBXFileReference; fileEncoding = 4; lastKnownFileType = sourcecode.swift; path = Google.Protobuf.Any.proto.swift; sourceTree = "<group>"; };
		99D61BB81D9E5E040056C465 /* Google.Protobuf.Api.proto.swift */ = {isa = PBXFileReference; fileEncoding = 4; lastKnownFileType = sourcecode.swift; path = Google.Protobuf.Api.proto.swift; sourceTree = "<group>"; };
		99D61BB91D9E5E040056C465 /* Google.Protobuf.Descriptor.proto.swift */ = {isa = PBXFileReference; fileEncoding = 4; lastKnownFileType = sourcecode.swift; path = Google.Protobuf.Descriptor.proto.swift; sourceTree = "<group>"; };
		99D61BBA1D9E5E040056C465 /* Google.Protobuf.Duration.proto.swift */ = {isa = PBXFileReference; fileEncoding = 4; lastKnownFileType = sourcecode.swift; path = Google.Protobuf.Duration.proto.swift; sourceTree = "<group>"; };
		99D61BBB1D9E5E040056C465 /* Google.Protobuf.Empty.proto.swift */ = {isa = PBXFileReference; fileEncoding = 4; lastKnownFileType = sourcecode.swift; path = Google.Protobuf.Empty.proto.swift; sourceTree = "<group>"; };
		99D61BBC1D9E5E040056C465 /* Google.Protobuf.FieldMask.proto.swift */ = {isa = PBXFileReference; fileEncoding = 4; lastKnownFileType = sourcecode.swift; path = Google.Protobuf.FieldMask.proto.swift; sourceTree = "<group>"; };
		99D61BBD1D9E5E040056C465 /* Google.Protobuf.SourceContext.proto.swift */ = {isa = PBXFileReference; fileEncoding = 4; lastKnownFileType = sourcecode.swift; path = Google.Protobuf.SourceContext.proto.swift; sourceTree = "<group>"; };
		99D61BBE1D9E5E040056C465 /* Google.Protobuf.Struct.proto.swift */ = {isa = PBXFileReference; fileEncoding = 4; lastKnownFileType = sourcecode.swift; path = Google.Protobuf.Struct.proto.swift; sourceTree = "<group>"; };
		99D61BBF1D9E5E040056C465 /* Google.Protobuf.SwiftDescriptor.proto.swift */ = {isa = PBXFileReference; fileEncoding = 4; lastKnownFileType = sourcecode.swift; path = Google.Protobuf.SwiftDescriptor.proto.swift; sourceTree = "<group>"; };
		99D61BC01D9E5E040056C465 /* Google.Protobuf.Timestamp.proto.swift */ = {isa = PBXFileReference; fileEncoding = 4; lastKnownFileType = sourcecode.swift; path = Google.Protobuf.Timestamp.proto.swift; sourceTree = "<group>"; };
		99D61BC11D9E5E040056C465 /* Google.Protobuf.Type.proto.swift */ = {isa = PBXFileReference; fileEncoding = 4; lastKnownFileType = sourcecode.swift; path = Google.Protobuf.Type.proto.swift; sourceTree = "<group>"; };
		99D61BC21D9E5E040056C465 /* Google.Protobuf.Wrappers.proto.swift */ = {isa = PBXFileReference; fileEncoding = 4; lastKnownFileType = sourcecode.swift; path = Google.Protobuf.Wrappers.proto.swift; sourceTree = "<group>"; };
		99D61BC31D9E5E040056C465 /* ProtocolBuffers.h */ = {isa = PBXFileReference; fileEncoding = 4; lastKnownFileType = sourcecode.c.h; path = ProtocolBuffers.h; sourceTree = "<group>"; };
		99D61BC41D9E5E040056C465 /* RingBuffer.swift */ = {isa = PBXFileReference; fileEncoding = 4; lastKnownFileType = sourcecode.swift; path = RingBuffer.swift; sourceTree = "<group>"; };
		99D61BC51D9E5E040056C465 /* UnknownFieldSet.swift */ = {isa = PBXFileReference; fileEncoding = 4; lastKnownFileType = sourcecode.swift; path = UnknownFieldSet.swift; sourceTree = "<group>"; };
		99D61BC61D9E5E040056C465 /* WireFormat.swift */ = {isa = PBXFileReference; fileEncoding = 4; lastKnownFileType = sourcecode.swift; path = WireFormat.swift; sourceTree = "<group>"; };
		__PBXFileRef_Package.swift /* Package.swift */ = {isa = PBXFileReference; lastKnownFileType = sourcecode.swift; path = Package.swift; sourceTree = "<group>"; };
		__PBXFileRef_ProtocolBuffers.xcodeproj/Configs/Project.xcconfig /* ProtocolBuffers.xcodeproj/Configs/Project.xcconfig */ = {isa = PBXFileReference; lastKnownFileType = text.xcconfig; path = ProtocolBuffers.xcodeproj/Configs/Project.xcconfig; sourceTree = "<group>"; };
		__PBXFileRef_Tests/ProtocolBuffersTests/ProtocolBuffersTests.swift /* ProtocolBuffersTests.swift */ = {isa = PBXFileReference; lastKnownFileType = sourcecode.swift; path = ProtocolBuffersTests.swift; sourceTree = "<group>"; };
		"_____Product_ProtocolBuffers" /* ProtocolBuffers.framework */ = {isa = PBXFileReference; explicitFileType = wrapper.framework; path = ProtocolBuffers.framework; sourceTree = BUILT_PRODUCTS_DIR; };
		"_____Product_ProtocolBuffersTests" /* ProtocolBuffersTests.xctest */ = {isa = PBXFileReference; explicitFileType = wrapper.cfbundle; path = ProtocolBuffersTests.xctest; sourceTree = BUILT_PRODUCTS_DIR; };
/* End PBXFileReference section */

/* Begin PBXFrameworksBuildPhase section */
		"___LinkPhase_ProtocolBuffers" /* Frameworks */ = {
			isa = PBXFrameworksBuildPhase;
			buildActionMask = 0;
			files = (
			);
			runOnlyForDeploymentPostprocessing = 0;
		};
		"___LinkPhase_ProtocolBuffersTests" /* Frameworks */ = {
			isa = PBXFrameworksBuildPhase;
			buildActionMask = 0;
			files = (
				_LinkFileRef_ProtocolBuffers_via_ProtocolBuffersTests /* ProtocolBuffers.framework in Frameworks */,
			);
			runOnlyForDeploymentPostprocessing = 0;
		};
/* End PBXFrameworksBuildPhase section */

/* Begin PBXGroup section */
		TestProducts_ /* Tests */ = {
			isa = PBXGroup;
			children = (
				"_____Product_ProtocolBuffersTests" /* ProtocolBuffersTests.xctest */,
			);
			name = Tests;
			sourceTree = "<group>";
		};
		"___RootGroup_" = {
			isa = PBXGroup;
			children = (
				__PBXFileRef_Package.swift /* Package.swift */,
				"_____Configs_" /* Configs */,
				"_____Sources_" /* Sources */,
				"_______Tests_" /* Tests */,
				"____Products_" /* Products */,
			);
			sourceTree = "<group>";
		};
		"____Products_" /* Products */ = {
			isa = PBXGroup;
			children = (
				TestProducts_ /* Tests */,
				"_____Product_ProtocolBuffers" /* ProtocolBuffers.framework */,
			);
			name = Products;
			sourceTree = "<group>";
		};
		"_____Configs_" /* Configs */ = {
			isa = PBXGroup;
			children = (
				__PBXFileRef_ProtocolBuffers.xcodeproj/Configs/Project.xcconfig /* ProtocolBuffers.xcodeproj/Configs/Project.xcconfig */,
			);
			name = Configs;
			sourceTree = "<group>";
		};
		"_____Sources_" /* Sources */ = {
			isa = PBXGroup;
			children = (
				"_______Group_ProtocolBuffers" /* ProtocolBuffers */,
			);
			name = Sources;
			sourceTree = "<group>";
		};
		"_______Group_ProtocolBuffers" /* ProtocolBuffers */ = {
			isa = PBXGroup;
			children = (
				99D61BAF1D9E5E030056C465 /* AbstractMessage.swift */,
				99D61BB01D9E5E030056C465 /* CodedInputStream.swift */,
				99D61BB11D9E5E030056C465 /* CodedOutputStream.swift */,
				99D61BB21D9E5E030056C465 /* ConcreateExtensionField.swift */,
				99D61BB31D9E5E030056C465 /* ExtendableMessage.swift */,
				99D61BB41D9E5E030056C465 /* ExtensionRegistry.swift */,
				99D61BB51D9E5E040056C465 /* Field.swift */,
				99D61BB61D9E5E040056C465 /* GeneratedMessage.swift */,
				99D61BB71D9E5E040056C465 /* Google.Protobuf.Any.proto.swift */,
				99D61BB81D9E5E040056C465 /* Google.Protobuf.Api.proto.swift */,
				99D61BB91D9E5E040056C465 /* Google.Protobuf.Descriptor.proto.swift */,
				99D61BBA1D9E5E040056C465 /* Google.Protobuf.Duration.proto.swift */,
				99D61BBB1D9E5E040056C465 /* Google.Protobuf.Empty.proto.swift */,
				99D61BBC1D9E5E040056C465 /* Google.Protobuf.FieldMask.proto.swift */,
				99D61BBD1D9E5E040056C465 /* Google.Protobuf.SourceContext.proto.swift */,
				99D61BBE1D9E5E040056C465 /* Google.Protobuf.Struct.proto.swift */,
				99D61BBF1D9E5E040056C465 /* Google.Protobuf.SwiftDescriptor.proto.swift */,
				99D61BC01D9E5E040056C465 /* Google.Protobuf.Timestamp.proto.swift */,
				99D61BC11D9E5E040056C465 /* Google.Protobuf.Type.proto.swift */,
				99D61BC21D9E5E040056C465 /* Google.Protobuf.Wrappers.proto.swift */,
				99D61BC31D9E5E040056C465 /* ProtocolBuffers.h */,
				99D61BC41D9E5E040056C465 /* RingBuffer.swift */,
				99D61BC51D9E5E040056C465 /* UnknownFieldSet.swift */,
				99D61BC61D9E5E040056C465 /* WireFormat.swift */,
			);
			name = ProtocolBuffers;
			path = Sources;
			sourceTree = "<group>";
		};
		"_______Group_ProtocolBuffersTests" /* ProtocolBuffersTests */ = {
			isa = PBXGroup;
			children = (
				__PBXFileRef_Tests/ProtocolBuffersTests/ProtocolBuffersTests.swift /* ProtocolBuffersTests.swift */,
			);
			name = ProtocolBuffersTests;
			path = Tests/ProtocolBuffersTests;
			sourceTree = "<group>";
		};
		"_______Tests_" /* Tests */ = {
			isa = PBXGroup;
			children = (
				"_______Group_ProtocolBuffersTests" /* ProtocolBuffersTests */,
			);
			name = Tests;
			sourceTree = "<group>";
		};
/* End PBXGroup section */

/* Begin PBXNativeTarget section */
		"______Target_ProtocolBuffers" /* ProtocolBuffers */ = {
			isa = PBXNativeTarget;
			buildConfigurationList = "_______Confs_ProtocolBuffers" /* Build configuration list for PBXNativeTarget "ProtocolBuffers" */;
			buildPhases = (
				CompilePhase_ProtocolBuffers /* Sources */,
				"___LinkPhase_ProtocolBuffers" /* Frameworks */,
			);
			buildRules = (
			);
			dependencies = (
			);
			name = ProtocolBuffers;
			productName = ProtocolBuffers;
			productReference = "_____Product_ProtocolBuffers" /* ProtocolBuffers.framework */;
			productType = "com.apple.product-type.framework";
		};
		"______Target_ProtocolBuffersTests" /* ProtocolBuffersTests */ = {
			isa = PBXNativeTarget;
			buildConfigurationList = "_______Confs_ProtocolBuffersTests" /* Build configuration list for PBXNativeTarget "ProtocolBuffersTests" */;
			buildPhases = (
				CompilePhase_ProtocolBuffersTests /* Sources */,
				"___LinkPhase_ProtocolBuffersTests" /* Frameworks */,
			);
			buildRules = (
			);
			dependencies = (
				__Dependency_ProtocolBuffers /* PBXTargetDependency */,
			);
			name = ProtocolBuffersTests;
			productName = ProtocolBuffersTests;
			productReference = "_____Product_ProtocolBuffersTests" /* ProtocolBuffersTests.xctest */;
			productType = "com.apple.product-type.bundle.unit-test";
		};
/* End PBXNativeTarget section */

/* Begin PBXProject section */
		__RootObject_ /* Project object */ = {
			isa = PBXProject;
			attributes = {
				LastUpgradeCheck = 9999;
				TargetAttributes = {
					"______Target_ProtocolBuffers" = {
						ProvisioningStyle = Manual;
					};
				};
			};
			buildConfigurationList = "___RootConfs_" /* Build configuration list for PBXProject "ProtocolBuffers" */;
			compatibilityVersion = "Xcode 3.2";
			developmentRegion = English;
			hasScannedForEncodings = 0;
			knownRegions = (
				en,
			);
			mainGroup = "___RootGroup_";
			productRefGroup = "____Products_" /* Products */;
			projectDirPath = "";
			projectRoot = "";
			targets = (
				"______Target_ProtocolBuffers" /* ProtocolBuffers */,
				"______Target_ProtocolBuffersTests" /* ProtocolBuffersTests */,
			);
		};
/* End PBXProject section */

/* Begin PBXSourcesBuildPhase section */
		CompilePhase_ProtocolBuffers /* Sources */ = {
			isa = PBXSourcesBuildPhase;
			buildActionMask = 0;
			files = (
				99D61BCB1D9E5E040056C465 /* ExtendableMessage.swift in Sources */,
				99D61BCD1D9E5E040056C465 /* Field.swift in Sources */,
				99D61BD61D9E5E040056C465 /* Google.Protobuf.Struct.proto.swift in Sources */,
				99D61BD01D9E5E040056C465 /* Google.Protobuf.Api.proto.swift in Sources */,
				99D61BC81D9E5E040056C465 /* CodedInputStream.swift in Sources */,
				99D61BD21D9E5E040056C465 /* Google.Protobuf.Duration.proto.swift in Sources */,
				99D61BDC1D9E5E040056C465 /* UnknownFieldSet.swift in Sources */,
				99D61BDA1D9E5E040056C465 /* Google.Protobuf.Wrappers.proto.swift in Sources */,
				99D61BD51D9E5E040056C465 /* Google.Protobuf.SourceContext.proto.swift in Sources */,
				99D61BD81D9E5E040056C465 /* Google.Protobuf.Timestamp.proto.swift in Sources */,
				99D61BDD1D9E5E040056C465 /* WireFormat.swift in Sources */,
				99D61BD71D9E5E040056C465 /* Google.Protobuf.SwiftDescriptor.proto.swift in Sources */,
				99D61BC91D9E5E040056C465 /* CodedOutputStream.swift in Sources */,
				99D61BCC1D9E5E040056C465 /* ExtensionRegistry.swift in Sources */,
				99D61BCF1D9E5E040056C465 /* Google.Protobuf.Any.proto.swift in Sources */,
				99D61BD11D9E5E040056C465 /* Google.Protobuf.Descriptor.proto.swift in Sources */,
				99D61BDB1D9E5E040056C465 /* RingBuffer.swift in Sources */,
				99D61BD91D9E5E040056C465 /* Google.Protobuf.Type.proto.swift in Sources */,
				99D61BD41D9E5E040056C465 /* Google.Protobuf.FieldMask.proto.swift in Sources */,
				99D61BCE1D9E5E040056C465 /* GeneratedMessage.swift in Sources */,
				99D61BCA1D9E5E040056C465 /* ConcreateExtensionField.swift in Sources */,
				99D61BC71D9E5E040056C465 /* AbstractMessage.swift in Sources */,
				99D61BD31D9E5E040056C465 /* Google.Protobuf.Empty.proto.swift in Sources */,
			);
			runOnlyForDeploymentPostprocessing = 0;
		};
		CompilePhase_ProtocolBuffersTests /* Sources */ = {
			isa = PBXSourcesBuildPhase;
			buildActionMask = 0;
			files = (
				__src_cc_ref_Tests/ProtocolBuffersTests/ProtocolBuffersTests.swift /* ProtocolBuffersTests.swift in Sources */,
			);
			runOnlyForDeploymentPostprocessing = 0;
		};
/* End PBXSourcesBuildPhase section */

/* Begin PBXTargetDependency section */
		__Dependency_ProtocolBuffers /* PBXTargetDependency */ = {
			isa = PBXTargetDependency;
			target = "______Target_ProtocolBuffers" /* ProtocolBuffers */;
			targetProxy = 99D61BAE1D9E5DD70056C465 /* PBXContainerItemProxy */;
		};
/* End PBXTargetDependency section */

/* Begin XCBuildConfiguration section */
		_ReleaseConf_ProtocolBuffers /* Release */ = {
			isa = XCBuildConfiguration;
			buildSettings = {
				CODE_SIGN_IDENTITY = "Mac Developer";
				DEVELOPMENT_TEAM = "";
				ENABLE_TESTABILITY = YES;
				FRAMEWORK_SEARCH_PATHS = "$(PLATFORM_DIR)/Developer/Library/Frameworks";
				INFOPLIST_FILE = ProtocolBuffers.xcodeproj/ProtocolBuffers_Info.plist;
				LD_RUNPATH_SEARCH_PATHS = "$(TOOLCHAIN_DIR)/usr/lib/swift/macosx";
				MACOSX_DEPLOYMENT_TARGET = 10.10;
				OTHER_LDFLAGS = "$(inherited)";
				OTHER_SWIFT_FLAGS = "$(inherited)";
				PRODUCT_BUNDLE_IDENTIFIER = ProtocolBuffers;
				PRODUCT_MODULE_NAME = "$(TARGET_NAME:c99extidentifier)";
				PRODUCT_NAME = "$(TARGET_NAME:c99extidentifier)";
				SWIFT_VERSION = 3.0;
			};
			name = Release;
		};
		_ReleaseConf_ProtocolBuffersTests /* Release */ = {
			isa = XCBuildConfiguration;
			buildSettings = {
				EMBEDDED_CONTENT_CONTAINS_SWIFT = YES;
				FRAMEWORK_SEARCH_PATHS = "$(PLATFORM_DIR)/Developer/Library/Frameworks";
				INFOPLIST_FILE = ProtocolBuffers.xcodeproj/ProtocolBuffersTests_Info.plist;
				LD_RUNPATH_SEARCH_PATHS = "@loader_path/../Frameworks";
				OTHER_LDFLAGS = "$(inherited)";
				OTHER_SWIFT_FLAGS = "$(inherited)";
				SWIFT_VERSION = 3.0;
			};
			name = Release;
		};
		"___DebugConf_ProtocolBuffers" /* Debug */ = {
			isa = XCBuildConfiguration;
			buildSettings = {
				CODE_SIGN_IDENTITY = "Mac Developer";
				DEVELOPMENT_TEAM = "";
				ENABLE_TESTABILITY = YES;
				FRAMEWORK_SEARCH_PATHS = "$(PLATFORM_DIR)/Developer/Library/Frameworks";
				INFOPLIST_FILE = ProtocolBuffers.xcodeproj/ProtocolBuffers_Info.plist;
				LD_RUNPATH_SEARCH_PATHS = "$(TOOLCHAIN_DIR)/usr/lib/swift/macosx";
				MACOSX_DEPLOYMENT_TARGET = 10.10;
				OTHER_LDFLAGS = "$(inherited)";
				OTHER_SWIFT_FLAGS = "$(inherited)";
				PRODUCT_BUNDLE_IDENTIFIER = ProtocolBuffers;
				PRODUCT_MODULE_NAME = "$(TARGET_NAME:c99extidentifier)";
				PRODUCT_NAME = "$(TARGET_NAME:c99extidentifier)";
				SWIFT_OPTIMIZATION_LEVEL = "-Onone";
				SWIFT_VERSION = 3.0;
			};
			name = Debug;
		};
		"___DebugConf_ProtocolBuffersTests" /* Debug */ = {
			isa = XCBuildConfiguration;
			buildSettings = {
				EMBEDDED_CONTENT_CONTAINS_SWIFT = YES;
				FRAMEWORK_SEARCH_PATHS = "$(PLATFORM_DIR)/Developer/Library/Frameworks";
				INFOPLIST_FILE = ProtocolBuffers.xcodeproj/ProtocolBuffersTests_Info.plist;
				LD_RUNPATH_SEARCH_PATHS = "@loader_path/../Frameworks";
				OTHER_LDFLAGS = "$(inherited)";
				OTHER_SWIFT_FLAGS = "$(inherited)";
				SWIFT_OPTIMIZATION_LEVEL = "-Onone";
				SWIFT_VERSION = 3.0;
			};
			name = Debug;
		};
		"_____Release_" /* Release */ = {
			isa = XCBuildConfiguration;
			baseConfigurationReference = __PBXFileRef_ProtocolBuffers.xcodeproj/Configs/Project.xcconfig /* ProtocolBuffers.xcodeproj/Configs/Project.xcconfig */;
			buildSettings = {
				MACOSX_DEPLOYMENT_TARGET = 10.10;
			};
			name = Release;
		};
		"_______Debug_" /* Debug */ = {
			isa = XCBuildConfiguration;
			baseConfigurationReference = __PBXFileRef_ProtocolBuffers.xcodeproj/Configs/Project.xcconfig /* ProtocolBuffers.xcodeproj/Configs/Project.xcconfig */;
			buildSettings = {
				MACOSX_DEPLOYMENT_TARGET = 10.10;
			};
			name = Debug;
		};
/* End XCBuildConfiguration section */

/* Begin XCConfigurationList section */
		"___RootConfs_" /* Build configuration list for PBXProject "ProtocolBuffers" */ = {
			isa = XCConfigurationList;
			buildConfigurations = (
				"_______Debug_" /* Debug */,
				"_____Release_" /* Release */,
			);
			defaultConfigurationIsVisible = 0;
			defaultConfigurationName = Debug;
		};
		"_______Confs_ProtocolBuffers" /* Build configuration list for PBXNativeTarget "ProtocolBuffers" */ = {
			isa = XCConfigurationList;
			buildConfigurations = (
				"___DebugConf_ProtocolBuffers" /* Debug */,
				_ReleaseConf_ProtocolBuffers /* Release */,
			);
			defaultConfigurationIsVisible = 0;
			defaultConfigurationName = Debug;
		};
		"_______Confs_ProtocolBuffersTests" /* Build configuration list for PBXNativeTarget "ProtocolBuffersTests" */ = {
			isa = XCConfigurationList;
			buildConfigurations = (
				"___DebugConf_ProtocolBuffersTests" /* Debug */,
				_ReleaseConf_ProtocolBuffersTests /* Release */,
			);
			defaultConfigurationIsVisible = 0;
			defaultConfigurationName = Debug;
		};
/* End XCConfigurationList section */
	};
	rootObject = __RootObject_ /* Project object */;
}
