// !$*UTF8*$!
{
	archiveVersion = 1;
	classes = {
	};
	objectVersion = 46;
	objects = {

/* Begin PBXBuildFile section */
		991A02791E72A777002FFD4C /* ProtocolBuffers.h in Headers */ = {isa = PBXBuildFile; fileRef = 991A02771E72A777002FFD4C /* ProtocolBuffers.h */; settings = {ATTRIBUTES = (Public, ); }; };
		991A02981E72A794002FFD4C /* AbstractMessage.swift in Sources */ = {isa = PBXBuildFile; fileRef = 991A02801E72A794002FFD4C /* AbstractMessage.swift */; };
		991A02991E72A794002FFD4C /* CodedInputStream.swift in Sources */ = {isa = PBXBuildFile; fileRef = 991A02811E72A794002FFD4C /* CodedInputStream.swift */; };
		991A029A1E72A794002FFD4C /* CodedOutputStream.swift in Sources */ = {isa = PBXBuildFile; fileRef = 991A02821E72A794002FFD4C /* CodedOutputStream.swift */; };
		991A029B1E72A794002FFD4C /* ConcreateExtensionField.swift in Sources */ = {isa = PBXBuildFile; fileRef = 991A02831E72A794002FFD4C /* ConcreateExtensionField.swift */; };
		991A029C1E72A794002FFD4C /* ExtendableMessage.swift in Sources */ = {isa = PBXBuildFile; fileRef = 991A02841E72A794002FFD4C /* ExtendableMessage.swift */; };
		991A029D1E72A794002FFD4C /* ExtensionRegistry.swift in Sources */ = {isa = PBXBuildFile; fileRef = 991A02851E72A794002FFD4C /* ExtensionRegistry.swift */; };
		991A029E1E72A794002FFD4C /* Field.swift in Sources */ = {isa = PBXBuildFile; fileRef = 991A02861E72A794002FFD4C /* Field.swift */; };
		991A029F1E72A794002FFD4C /* GeneratedMessage.swift in Sources */ = {isa = PBXBuildFile; fileRef = 991A02871E72A794002FFD4C /* GeneratedMessage.swift */; };
		991A02A01E72A794002FFD4C /* Google.Protobuf.Any.proto.swift in Sources */ = {isa = PBXBuildFile; fileRef = 991A02881E72A794002FFD4C /* Google.Protobuf.Any.proto.swift */; };
		991A02A11E72A794002FFD4C /* Google.Protobuf.Api.proto.swift in Sources */ = {isa = PBXBuildFile; fileRef = 991A02891E72A794002FFD4C /* Google.Protobuf.Api.proto.swift */; };
		991A02A21E72A794002FFD4C /* Google.Protobuf.Descriptor.proto.swift in Sources */ = {isa = PBXBuildFile; fileRef = 991A028A1E72A794002FFD4C /* Google.Protobuf.Descriptor.proto.swift */; };
		991A02A31E72A794002FFD4C /* Google.Protobuf.Duration.proto.swift in Sources */ = {isa = PBXBuildFile; fileRef = 991A028B1E72A794002FFD4C /* Google.Protobuf.Duration.proto.swift */; };
		991A02A41E72A794002FFD4C /* Google.Protobuf.Empty.proto.swift in Sources */ = {isa = PBXBuildFile; fileRef = 991A028C1E72A794002FFD4C /* Google.Protobuf.Empty.proto.swift */; };
		991A02A51E72A794002FFD4C /* Google.Protobuf.FieldMask.proto.swift in Sources */ = {isa = PBXBuildFile; fileRef = 991A028D1E72A794002FFD4C /* Google.Protobuf.FieldMask.proto.swift */; };
		991A02A61E72A794002FFD4C /* Google.Protobuf.SourceContext.proto.swift in Sources */ = {isa = PBXBuildFile; fileRef = 991A028E1E72A794002FFD4C /* Google.Protobuf.SourceContext.proto.swift */; };
		991A02A71E72A794002FFD4C /* Google.Protobuf.Struct.proto.swift in Sources */ = {isa = PBXBuildFile; fileRef = 991A028F1E72A794002FFD4C /* Google.Protobuf.Struct.proto.swift */; };
		991A02A81E72A794002FFD4C /* Google.Protobuf.SwiftDescriptor.proto.swift in Sources */ = {isa = PBXBuildFile; fileRef = 991A02901E72A794002FFD4C /* Google.Protobuf.SwiftDescriptor.proto.swift */; };
		991A02A91E72A794002FFD4C /* Google.Protobuf.Timestamp.proto.swift in Sources */ = {isa = PBXBuildFile; fileRef = 991A02911E72A794002FFD4C /* Google.Protobuf.Timestamp.proto.swift */; };
		991A02AA1E72A794002FFD4C /* Google.Protobuf.Type.proto.swift in Sources */ = {isa = PBXBuildFile; fileRef = 991A02921E72A794002FFD4C /* Google.Protobuf.Type.proto.swift */; };
		991A02AB1E72A794002FFD4C /* Google.Protobuf.Wrappers.proto.swift in Sources */ = {isa = PBXBuildFile; fileRef = 991A02931E72A794002FFD4C /* Google.Protobuf.Wrappers.proto.swift */; };
		991A02AD1E72A794002FFD4C /* RingBuffer.swift in Sources */ = {isa = PBXBuildFile; fileRef = 991A02951E72A794002FFD4C /* RingBuffer.swift */; };
		991A02AE1E72A794002FFD4C /* UnknownFieldSet.swift in Sources */ = {isa = PBXBuildFile; fileRef = 991A02961E72A794002FFD4C /* UnknownFieldSet.swift */; };
		991A02AF1E72A794002FFD4C /* WireFormat.swift in Sources */ = {isa = PBXBuildFile; fileRef = 991A02971E72A794002FFD4C /* WireFormat.swift */; };
/* End PBXBuildFile section */

/* Begin PBXFileReference section */
		991A02741E72A777002FFD4C /* ProtocolBuffers.framework */ = {isa = PBXFileReference; explicitFileType = wrapper.framework; includeInIndex = 0; path = ProtocolBuffers.framework; sourceTree = BUILT_PRODUCTS_DIR; };
		991A02771E72A777002FFD4C /* ProtocolBuffers.h */ = {isa = PBXFileReference; lastKnownFileType = sourcecode.c.h; path = ProtocolBuffers.h; sourceTree = "<group>"; };
		991A02781E72A777002FFD4C /* Info.plist */ = {isa = PBXFileReference; lastKnownFileType = text.plist.xml; path = Info.plist; sourceTree = "<group>"; };
		991A02801E72A794002FFD4C /* AbstractMessage.swift */ = {isa = PBXFileReference; fileEncoding = 4; lastKnownFileType = sourcecode.swift; path = AbstractMessage.swift; sourceTree = "<group>"; };
		991A02811E72A794002FFD4C /* CodedInputStream.swift */ = {isa = PBXFileReference; fileEncoding = 4; lastKnownFileType = sourcecode.swift; path = CodedInputStream.swift; sourceTree = "<group>"; };
		991A02821E72A794002FFD4C /* CodedOutputStream.swift */ = {isa = PBXFileReference; fileEncoding = 4; lastKnownFileType = sourcecode.swift; path = CodedOutputStream.swift; sourceTree = "<group>"; };
		991A02831E72A794002FFD4C /* ConcreateExtensionField.swift */ = {isa = PBXFileReference; fileEncoding = 4; lastKnownFileType = sourcecode.swift; path = ConcreateExtensionField.swift; sourceTree = "<group>"; };
		991A02841E72A794002FFD4C /* ExtendableMessage.swift */ = {isa = PBXFileReference; fileEncoding = 4; lastKnownFileType = sourcecode.swift; path = ExtendableMessage.swift; sourceTree = "<group>"; };
		991A02851E72A794002FFD4C /* ExtensionRegistry.swift */ = {isa = PBXFileReference; fileEncoding = 4; lastKnownFileType = sourcecode.swift; path = ExtensionRegistry.swift; sourceTree = "<group>"; };
		991A02861E72A794002FFD4C /* Field.swift */ = {isa = PBXFileReference; fileEncoding = 4; lastKnownFileType = sourcecode.swift; path = Field.swift; sourceTree = "<group>"; };
		991A02871E72A794002FFD4C /* GeneratedMessage.swift */ = {isa = PBXFileReference; fileEncoding = 4; lastKnownFileType = sourcecode.swift; path = GeneratedMessage.swift; sourceTree = "<group>"; };
		991A02881E72A794002FFD4C /* Google.Protobuf.Any.proto.swift */ = {isa = PBXFileReference; fileEncoding = 4; lastKnownFileType = sourcecode.swift; path = Google.Protobuf.Any.proto.swift; sourceTree = "<group>"; };
		991A02891E72A794002FFD4C /* Google.Protobuf.Api.proto.swift */ = {isa = PBXFileReference; fileEncoding = 4; lastKnownFileType = sourcecode.swift; path = Google.Protobuf.Api.proto.swift; sourceTree = "<group>"; };
		991A028A1E72A794002FFD4C /* Google.Protobuf.Descriptor.proto.swift */ = {isa = PBXFileReference; fileEncoding = 4; lastKnownFileType = sourcecode.swift; path = Google.Protobuf.Descriptor.proto.swift; sourceTree = "<group>"; };
		991A028B1E72A794002FFD4C /* Google.Protobuf.Duration.proto.swift */ = {isa = PBXFileReference; fileEncoding = 4; lastKnownFileType = sourcecode.swift; path = Google.Protobuf.Duration.proto.swift; sourceTree = "<group>"; };
		991A028C1E72A794002FFD4C /* Google.Protobuf.Empty.proto.swift */ = {isa = PBXFileReference; fileEncoding = 4; lastKnownFileType = sourcecode.swift; path = Google.Protobuf.Empty.proto.swift; sourceTree = "<group>"; };
		991A028D1E72A794002FFD4C /* Google.Protobuf.FieldMask.proto.swift */ = {isa = PBXFileReference; fileEncoding = 4; lastKnownFileType = sourcecode.swift; path = Google.Protobuf.FieldMask.proto.swift; sourceTree = "<group>"; };
		991A028E1E72A794002FFD4C /* Google.Protobuf.SourceContext.proto.swift */ = {isa = PBXFileReference; fileEncoding = 4; lastKnownFileType = sourcecode.swift; path = Google.Protobuf.SourceContext.proto.swift; sourceTree = "<group>"; };
		991A028F1E72A794002FFD4C /* Google.Protobuf.Struct.proto.swift */ = {isa = PBXFileReference; fileEncoding = 4; lastKnownFileType = sourcecode.swift; path = Google.Protobuf.Struct.proto.swift; sourceTree = "<group>"; };
		991A02901E72A794002FFD4C /* Google.Protobuf.SwiftDescriptor.proto.swift */ = {isa = PBXFileReference; fileEncoding = 4; lastKnownFileType = sourcecode.swift; path = Google.Protobuf.SwiftDescriptor.proto.swift; sourceTree = "<group>"; };
		991A02911E72A794002FFD4C /* Google.Protobuf.Timestamp.proto.swift */ = {isa = PBXFileReference; fileEncoding = 4; lastKnownFileType = sourcecode.swift; path = Google.Protobuf.Timestamp.proto.swift; sourceTree = "<group>"; };
		991A02921E72A794002FFD4C /* Google.Protobuf.Type.proto.swift */ = {isa = PBXFileReference; fileEncoding = 4; lastKnownFileType = sourcecode.swift; path = Google.Protobuf.Type.proto.swift; sourceTree = "<group>"; };
		991A02931E72A794002FFD4C /* Google.Protobuf.Wrappers.proto.swift */ = {isa = PBXFileReference; fileEncoding = 4; lastKnownFileType = sourcecode.swift; path = Google.Protobuf.Wrappers.proto.swift; sourceTree = "<group>"; };
		991A02951E72A794002FFD4C /* RingBuffer.swift */ = {isa = PBXFileReference; fileEncoding = 4; lastKnownFileType = sourcecode.swift; path = RingBuffer.swift; sourceTree = "<group>"; };
		991A02961E72A794002FFD4C /* UnknownFieldSet.swift */ = {isa = PBXFileReference; fileEncoding = 4; lastKnownFileType = sourcecode.swift; path = UnknownFieldSet.swift; sourceTree = "<group>"; };
		991A02971E72A794002FFD4C /* WireFormat.swift */ = {isa = PBXFileReference; fileEncoding = 4; lastKnownFileType = sourcecode.swift; path = WireFormat.swift; sourceTree = "<group>"; };
/* End PBXFileReference section */

/* Begin PBXFrameworksBuildPhase section */
		991A02701E72A777002FFD4C /* Frameworks */ = {
			isa = PBXFrameworksBuildPhase;
			buildActionMask = 2147483647;
			files = (
			);
			runOnlyForDeploymentPostprocessing = 0;
		};
/* End PBXFrameworksBuildPhase section */

/* Begin PBXGroup section */
		991A026A1E72A777002FFD4C = {
			isa = PBXGroup;
			children = (
				991A02761E72A777002FFD4C /* ProtocolBuffers */,
				991A02751E72A777002FFD4C /* Products */,
			);
			sourceTree = "<group>";
		};
		991A02751E72A777002FFD4C /* Products */ = {
			isa = PBXGroup;
			children = (
				991A02741E72A777002FFD4C /* ProtocolBuffers.framework */,
			);
			name = Products;
			sourceTree = "<group>";
		};
		991A02761E72A777002FFD4C /* ProtocolBuffers */ = {
			isa = PBXGroup;
			children = (
				991A027F1E72A794002FFD4C /* Sources */,
				991A02771E72A777002FFD4C /* ProtocolBuffers.h */,
				991A02781E72A777002FFD4C /* Info.plist */,
			);
			path = ProtocolBuffers;
			sourceTree = "<group>";
		};
		991A027F1E72A794002FFD4C /* Sources */ = {
			isa = PBXGroup;
			children = (
				991A02801E72A794002FFD4C /* AbstractMessage.swift */,
				991A02811E72A794002FFD4C /* CodedInputStream.swift */,
				991A02821E72A794002FFD4C /* CodedOutputStream.swift */,
				991A02831E72A794002FFD4C /* ConcreateExtensionField.swift */,
				991A02841E72A794002FFD4C /* ExtendableMessage.swift */,
				991A02851E72A794002FFD4C /* ExtensionRegistry.swift */,
				991A02861E72A794002FFD4C /* Field.swift */,
				991A02871E72A794002FFD4C /* GeneratedMessage.swift */,
				991A02881E72A794002FFD4C /* Google.Protobuf.Any.proto.swift */,
				991A02891E72A794002FFD4C /* Google.Protobuf.Api.proto.swift */,
				991A028A1E72A794002FFD4C /* Google.Protobuf.Descriptor.proto.swift */,
				991A028B1E72A794002FFD4C /* Google.Protobuf.Duration.proto.swift */,
				991A028C1E72A794002FFD4C /* Google.Protobuf.Empty.proto.swift */,
				991A028D1E72A794002FFD4C /* Google.Protobuf.FieldMask.proto.swift */,
				991A028E1E72A794002FFD4C /* Google.Protobuf.SourceContext.proto.swift */,
				991A028F1E72A794002FFD4C /* Google.Protobuf.Struct.proto.swift */,
				991A02901E72A794002FFD4C /* Google.Protobuf.SwiftDescriptor.proto.swift */,
				991A02911E72A794002FFD4C /* Google.Protobuf.Timestamp.proto.swift */,
				991A02921E72A794002FFD4C /* Google.Protobuf.Type.proto.swift */,
				991A02931E72A794002FFD4C /* Google.Protobuf.Wrappers.proto.swift */,
				991A02951E72A794002FFD4C /* RingBuffer.swift */,
				991A02961E72A794002FFD4C /* UnknownFieldSet.swift */,
				991A02971E72A794002FFD4C /* WireFormat.swift */,
			);
			path = Sources;
			sourceTree = "<group>";
		};
/* End PBXGroup section */

/* Begin PBXHeadersBuildPhase section */
		991A02711E72A777002FFD4C /* Headers */ = {
			isa = PBXHeadersBuildPhase;
			buildActionMask = 2147483647;
			files = (
				991A02791E72A777002FFD4C /* ProtocolBuffers.h in Headers */,
			);
			runOnlyForDeploymentPostprocessing = 0;
		};
/* End PBXHeadersBuildPhase section */

/* Begin PBXNativeTarget section */
		991A02731E72A777002FFD4C /* ProtocolBuffers */ = {
			isa = PBXNativeTarget;
			buildConfigurationList = 991A027C1E72A777002FFD4C /* Build configuration list for PBXNativeTarget "ProtocolBuffers" */;
			buildPhases = (
				991A026F1E72A777002FFD4C /* Sources */,
				991A02701E72A777002FFD4C /* Frameworks */,
				991A02711E72A777002FFD4C /* Headers */,
				991A02721E72A777002FFD4C /* Resources */,
			);
			buildRules = (
			);
			dependencies = (
			);
			name = ProtocolBuffers;
			productName = ProtocolBuffers;
			productReference = 991A02741E72A777002FFD4C /* ProtocolBuffers.framework */;
			productType = "com.apple.product-type.framework";
		};
/* End PBXNativeTarget section */

/* Begin PBXProject section */
		991A026B1E72A777002FFD4C /* Project object */ = {
			isa = PBXProject;
			attributes = {
				LastUpgradeCheck = 0820;
				ORGANIZATIONNAME = "Nguyen Dung";
				TargetAttributes = {
					991A02731E72A777002FFD4C = {
						CreatedOnToolsVersion = 8.2.1;
						ProvisioningStyle = Manual;
					};
				};
			};
			buildConfigurationList = 991A026E1E72A777002FFD4C /* Build configuration list for PBXProject "ProtocolBuffers" */;
			compatibilityVersion = "Xcode 3.2";
			developmentRegion = English;
			hasScannedForEncodings = 0;
			knownRegions = (
				en,
			);
			mainGroup = 991A026A1E72A777002FFD4C;
			productRefGroup = 991A02751E72A777002FFD4C /* Products */;
			projectDirPath = "";
			projectRoot = "";
			targets = (
				991A02731E72A777002FFD4C /* ProtocolBuffers */,
			);
		};
/* End PBXProject section */

/* Begin PBXResourcesBuildPhase section */
		991A02721E72A777002FFD4C /* Resources */ = {
			isa = PBXResourcesBuildPhase;
			buildActionMask = 2147483647;
			files = (
			);
			runOnlyForDeploymentPostprocessing = 0;
		};
/* End PBXResourcesBuildPhase section */

/* Begin PBXSourcesBuildPhase section */
		991A026F1E72A777002FFD4C /* Sources */ = {
			isa = PBXSourcesBuildPhase;
			buildActionMask = 2147483647;
			files = (
				991A029A1E72A794002FFD4C /* CodedOutputStream.swift in Sources */,
				991A02AF1E72A794002FFD4C /* WireFormat.swift in Sources */,
				991A02A41E72A794002FFD4C /* Google.Protobuf.Empty.proto.swift in Sources */,
				991A02A31E72A794002FFD4C /* Google.Protobuf.Duration.proto.swift in Sources */,
				991A029C1E72A794002FFD4C /* ExtendableMessage.swift in Sources */,
				991A02AA1E72A794002FFD4C /* Google.Protobuf.Type.proto.swift in Sources */,
				991A02AD1E72A794002FFD4C /* RingBuffer.swift in Sources */,
				991A02A91E72A794002FFD4C /* Google.Protobuf.Timestamp.proto.swift in Sources */,
				991A02A11E72A794002FFD4C /* Google.Protobuf.Api.proto.swift in Sources */,
				991A029B1E72A794002FFD4C /* ConcreateExtensionField.swift in Sources */,
				991A02A71E72A794002FFD4C /* Google.Protobuf.Struct.proto.swift in Sources */,
				991A02AE1E72A794002FFD4C /* UnknownFieldSet.swift in Sources */,
				991A02991E72A794002FFD4C /* CodedInputStream.swift in Sources */,
				991A029D1E72A794002FFD4C /* ExtensionRegistry.swift in Sources */,
				991A029F1E72A794002FFD4C /* GeneratedMessage.swift in Sources */,
				991A029E1E72A794002FFD4C /* Field.swift in Sources */,
				991A02A21E72A794002FFD4C /* Google.Protobuf.Descriptor.proto.swift in Sources */,
				991A02A61E72A794002FFD4C /* Google.Protobuf.SourceContext.proto.swift in Sources */,
				991A02AB1E72A794002FFD4C /* Google.Protobuf.Wrappers.proto.swift in Sources */,
				991A02981E72A794002FFD4C /* AbstractMessage.swift in Sources */,
				991A02A81E72A794002FFD4C /* Google.Protobuf.SwiftDescriptor.proto.swift in Sources */,
				991A02A51E72A794002FFD4C /* Google.Protobuf.FieldMask.proto.swift in Sources */,
				991A02A01E72A794002FFD4C /* Google.Protobuf.Any.proto.swift in Sources */,
			);
			runOnlyForDeploymentPostprocessing = 0;
		};
/* End PBXSourcesBuildPhase section */

/* Begin XCBuildConfiguration section */
		991A027A1E72A777002FFD4C /* Debug */ = {
			isa = XCBuildConfiguration;
			buildSettings = {
				ALWAYS_SEARCH_USER_PATHS = NO;
				CLANG_ANALYZER_NONNULL = YES;
				CLANG_CXX_LANGUAGE_STANDARD = "gnu++0x";
				CLANG_CXX_LIBRARY = "libc++";
				CLANG_ENABLE_MODULES = YES;
				CLANG_ENABLE_OBJC_ARC = YES;
				CLANG_WARN_BOOL_CONVERSION = YES;
				CLANG_WARN_CONSTANT_CONVERSION = YES;
				CLANG_WARN_DIRECT_OBJC_ISA_USAGE = YES_ERROR;
				CLANG_WARN_DOCUMENTATION_COMMENTS = YES;
				CLANG_WARN_EMPTY_BODY = YES;
				CLANG_WARN_ENUM_CONVERSION = YES;
				CLANG_WARN_INFINITE_RECURSION = YES;
				CLANG_WARN_INT_CONVERSION = YES;
				CLANG_WARN_OBJC_ROOT_CLASS = YES_ERROR;
				CLANG_WARN_SUSPICIOUS_MOVE = YES;
				CLANG_WARN_UNREACHABLE_CODE = YES;
				CLANG_WARN__DUPLICATE_METHOD_MATCH = YES;
				"CODE_SIGN_IDENTITY[sdk=iphoneos*]" = "iPhone Developer";
				COPY_PHASE_STRIP = NO;
				CURRENT_PROJECT_VERSION = 1;
				DEBUG_INFORMATION_FORMAT = dwarf;
				ENABLE_STRICT_OBJC_MSGSEND = YES;
				ENABLE_TESTABILITY = YES;
				GCC_C_LANGUAGE_STANDARD = gnu99;
				GCC_DYNAMIC_NO_PIC = NO;
				GCC_NO_COMMON_BLOCKS = YES;
				GCC_OPTIMIZATION_LEVEL = 0;
				GCC_PREPROCESSOR_DEFINITIONS = (
					"DEBUG=1",
					"$(inherited)",
				);
				GCC_WARN_64_TO_32_BIT_CONVERSION = YES;
				GCC_WARN_ABOUT_RETURN_TYPE = YES_ERROR;
				GCC_WARN_UNDECLARED_SELECTOR = YES;
				GCC_WARN_UNINITIALIZED_AUTOS = YES_AGGRESSIVE;
				GCC_WARN_UNUSED_FUNCTION = YES;
				GCC_WARN_UNUSED_VARIABLE = YES;
				IPHONEOS_DEPLOYMENT_TARGET = 8.0;
				MTL_ENABLE_DEBUG_INFO = YES;
				ONLY_ACTIVE_ARCH = YES;
				SDKROOT = iphoneos;
				SWIFT_ACTIVE_COMPILATION_CONDITIONS = DEBUG;
				SWIFT_OPTIMIZATION_LEVEL = "-Onone";
				TARGETED_DEVICE_FAMILY = "1,2";
				VERSIONING_SYSTEM = "apple-generic";
				VERSION_INFO_PREFIX = "";
			};
			name = Debug;
		};
		991A027B1E72A777002FFD4C /* Release */ = {
			isa = XCBuildConfiguration;
			buildSettings = {
				ALWAYS_SEARCH_USER_PATHS = NO;
				CLANG_ANALYZER_NONNULL = YES;
				CLANG_CXX_LANGUAGE_STANDARD = "gnu++0x";
				CLANG_CXX_LIBRARY = "libc++";
				CLANG_ENABLE_MODULES = YES;
				CLANG_ENABLE_OBJC_ARC = YES;
				CLANG_WARN_BOOL_CONVERSION = YES;
				CLANG_WARN_CONSTANT_CONVERSION = YES;
				CLANG_WARN_DIRECT_OBJC_ISA_USAGE = YES_ERROR;
				CLANG_WARN_DOCUMENTATION_COMMENTS = YES;
				CLANG_WARN_EMPTY_BODY = YES;
				CLANG_WARN_ENUM_CONVERSION = YES;
				CLANG_WARN_INFINITE_RECURSION = YES;
				CLANG_WARN_INT_CONVERSION = YES;
				CLANG_WARN_OBJC_ROOT_CLASS = YES_ERROR;
				CLANG_WARN_SUSPICIOUS_MOVE = YES;
				CLANG_WARN_UNREACHABLE_CODE = YES;
				CLANG_WARN__DUPLICATE_METHOD_MATCH = YES;
				"CODE_SIGN_IDENTITY[sdk=iphoneos*]" = "iPhone Developer";
				COPY_PHASE_STRIP = NO;
				CURRENT_PROJECT_VERSION = 1;
				DEBUG_INFORMATION_FORMAT = "dwarf-with-dsym";
				ENABLE_NS_ASSERTIONS = NO;
				ENABLE_STRICT_OBJC_MSGSEND = YES;
				GCC_C_LANGUAGE_STANDARD = gnu99;
				GCC_NO_COMMON_BLOCKS = YES;
				GCC_WARN_64_TO_32_BIT_CONVERSION = YES;
				GCC_WARN_ABOUT_RETURN_TYPE = YES_ERROR;
				GCC_WARN_UNDECLARED_SELECTOR = YES;
				GCC_WARN_UNINITIALIZED_AUTOS = YES_AGGRESSIVE;
				GCC_WARN_UNUSED_FUNCTION = YES;
				GCC_WARN_UNUSED_VARIABLE = YES;
				IPHONEOS_DEPLOYMENT_TARGET = 8.0;
				MTL_ENABLE_DEBUG_INFO = NO;
				SDKROOT = iphoneos;
				SWIFT_OPTIMIZATION_LEVEL = "-Owholemodule";
				TARGETED_DEVICE_FAMILY = "1,2";
				VALIDATE_PRODUCT = YES;
				VERSIONING_SYSTEM = "apple-generic";
				VERSION_INFO_PREFIX = "";
			};
			name = Release;
		};
		991A027D1E72A777002FFD4C /* Debug */ = {
			isa = XCBuildConfiguration;
			buildSettings = {
				CODE_SIGN_IDENTITY = "";
				DEFINES_MODULE = YES;
				DEVELOPMENT_TEAM = "";
				DYLIB_COMPATIBILITY_VERSION = 1;
				DYLIB_CURRENT_VERSION = 1;
				DYLIB_INSTALL_NAME_BASE = "@rpath";
				INFOPLIST_FILE = ProtocolBuffers/Info.plist;
				INSTALL_PATH = "$(LOCAL_LIBRARY_DIR)/Frameworks";
				LD_RUNPATH_SEARCH_PATHS = "$(inherited) @executable_path/Frameworks @loader_path/Frameworks";
				PRODUCT_BUNDLE_IDENTIFIER = vn.vivas.ProtocolBuffers;
				PRODUCT_NAME = "$(TARGET_NAME)";
				SKIP_INSTALL = YES;
				SWIFT_VERSION = 3.0;
			};
			name = Debug;
		};
		991A027E1E72A777002FFD4C /* Release */ = {
			isa = XCBuildConfiguration;
			buildSettings = {
				CODE_SIGN_IDENTITY = "";
				DEFINES_MODULE = YES;
				DEVELOPMENT_TEAM = "";
				DYLIB_COMPATIBILITY_VERSION = 1;
				DYLIB_CURRENT_VERSION = 1;
				DYLIB_INSTALL_NAME_BASE = "@rpath";
				INFOPLIST_FILE = ProtocolBuffers/Info.plist;
				INSTALL_PATH = "$(LOCAL_LIBRARY_DIR)/Frameworks";
				LD_RUNPATH_SEARCH_PATHS = "$(inherited) @executable_path/Frameworks @loader_path/Frameworks";
				PRODUCT_BUNDLE_IDENTIFIER = vn.vivas.ProtocolBuffers;
				PRODUCT_NAME = "$(TARGET_NAME)";
				SKIP_INSTALL = YES;
				SWIFT_VERSION = 3.0;
			};
			name = Release;
		};
/* End XCBuildConfiguration section */

/* Begin XCConfigurationList section */
		991A026E1E72A777002FFD4C /* Build configuration list for PBXProject "ProtocolBuffers" */ = {
			isa = XCConfigurationList;
			buildConfigurations = (
				991A027A1E72A777002FFD4C /* Debug */,
				991A027B1E72A777002FFD4C /* Release */,
			);
			defaultConfigurationIsVisible = 0;
			defaultConfigurationName = Release;
		};
		991A027C1E72A777002FFD4C /* Build configuration list for PBXNativeTarget "ProtocolBuffers" */ = {
			isa = XCConfigurationList;
			buildConfigurations = (
				991A027D1E72A777002FFD4C /* Debug */,
				991A027E1E72A777002FFD4C /* Release */,
			);
			defaultConfigurationIsVisible = 0;
		};
/* End XCConfigurationList section */
	};
	rootObject = 991A026B1E72A777002FFD4C /* Project object */;
}
